
Microsoft Visual Studio Solution File, Format Version 12.00
# Visual Studio Version 17
VisualStudioVersion = 17.8.34322.80
MinimumVisualStudioVersion = 10.0.40219.1
Project("{FAE04EC0-301F-11D3-BF4B-00C04F79EFBC}") = "Singelton design pattern", "Singelton design pattern\Singelton design pattern.csproj", "{2720E313-C497-4736-A4D0-9C3C1B0AB72A}"
EndProject
Global
	GlobalSection(SolutionConfigurationPlatforms) = preSolution
		Debug|Any CPU = Debug|Any CPU
		Release|Any CPU = Release|Any CPU
	EndGlobalSection
	GlobalSection(ProjectConfigurationPlatforms) = postSolution
		{2720E313-C497-4736-A4D0-9C3C1B0AB72A}.Debug|Any CPU.ActiveCfg = Debug|Any CPU
		{2720E313-C497-4736-A4D0-9C3C1B0AB72A}.Debug|Any CPU.Build.0 = Debug|Any CPU
		{2720E313-C497-4736-A4D0-9C3C1B0AB72A}.Release|Any CPU.ActiveCfg = Release|Any CPU
		{2720E313-C497-4736-A4D0-9C3C1B0AB72A}.Release|Any CPU.Build.0 = Release|Any CPU
	EndGlobalSection
	GlobalSection(SolutionProperties) = preSolution
		HideSolutionNode = FALSE
	EndGlobalSection
	GlobalSection(ExtensibilityGlobals) = postSolution
		SolutionGuid = {6115147C-62E7-4194-9867-98B785EB10FA}
	EndGlobalSection
EndGlobal
